// !$*UTF8*$!
{
	archiveVersion = 1;
	classes = {
	};
	objectVersion = 55;
	objects = {

/* Begin PBXBuildFile section */
		603E3CD128B36D790038C7F1 /* AppDelegate.swift in Sources */ = {isa = PBXBuildFile; fileRef = 603E3CD028B36D790038C7F1 /* AppDelegate.swift */; };
		603E3CD328B36D790038C7F1 /* SceneDelegate.swift in Sources */ = {isa = PBXBuildFile; fileRef = 603E3CD228B36D790038C7F1 /* SceneDelegate.swift */; };
		603E3CD528B36D790038C7F1 /* ViewController.swift in Sources */ = {isa = PBXBuildFile; fileRef = 603E3CD428B36D790038C7F1 /* ViewController.swift */; };
		603E3CDA28B36D7A0038C7F1 /* Assets.xcassets in Resources */ = {isa = PBXBuildFile; fileRef = 603E3CD928B36D7A0038C7F1 /* Assets.xcassets */; };
		6082E36728B36E9E00DB04BF /* Network.swift in Sources */ = {isa = PBXBuildFile; fileRef = 6082E36628B36E9E00DB04BF /* Network.swift */; };
		6082E36928B36EC800DB04BF /* ProductModel.swift in Sources */ = {isa = PBXBuildFile; fileRef = 6082E36828B36EC800DB04BF /* ProductModel.swift */; };
		6082E36B28B36F9C00DB04BF /* MainPresenter.swift in Sources */ = {isa = PBXBuildFile; fileRef = 6082E36A28B36F9C00DB04BF /* MainPresenter.swift */; };
		6082E36F28B3703400DB04BF /* Builder.swift in Sources */ = {isa = PBXBuildFile; fileRef = 6082E36E28B3703400DB04BF /* Builder.swift */; };
		6082E37228B3739700DB04BF /* Mark Pro.ttf in Resources */ = {isa = PBXBuildFile; fileRef = 6082E37128B3739700DB04BF /* Mark Pro.ttf */; };
		6082E37428B373AA00DB04BF /* Mark Pro Medium.ttf in Resources */ = {isa = PBXBuildFile; fileRef = 6082E37328B373AA00DB04BF /* Mark Pro Medium.ttf */; };
		6082E37628B373B500DB04BF /* Mark Pro Bold.ttf in Resources */ = {isa = PBXBuildFile; fileRef = 6082E37528B373B500DB04BF /* Mark Pro Bold.ttf */; };
		6082E37828B373BD00DB04BF /* Mark Pro Heavy.ttf in Resources */ = {isa = PBXBuildFile; fileRef = 6082E37728B373BD00DB04BF /* Mark Pro Heavy.ttf */; };
		6082E37B28B37D7300DB04BF /* CollectionCell.swift in Sources */ = {isa = PBXBuildFile; fileRef = 6082E37A28B37D7300DB04BF /* CollectionCell.swift */; };
		6082E37D28B3A22100DB04BF /* WheelCollectionCell.swift in Sources */ = {isa = PBXBuildFile; fileRef = 6082E37C28B3A22100DB04BF /* WheelCollectionCell.swift */; };
		6082E38028B3C03800DB04BF /* BestSellerTableCell.swift in Sources */ = {isa = PBXBuildFile; fileRef = 6082E37F28B3C03800DB04BF /* BestSellerTableCell.swift */; };
		6082E38328B3C24C00DB04BF /* BestSellerCollectionCell.swift in Sources */ = {isa = PBXBuildFile; fileRef = 6082E38228B3C24C00DB04BF /* BestSellerCollectionCell.swift */; };
		60C8095D28B4CEDC00335DED /* TabBarViewController.swift in Sources */ = {isa = PBXBuildFile; fileRef = 60C8095C28B4CEDC00335DED /* TabBarViewController.swift */; };
		60C8096028B4D0C900335DED /* CartViewController.swift in Sources */ = {isa = PBXBuildFile; fileRef = 60C8095F28B4D0C900335DED /* CartViewController.swift */; };
		60C8096228B4D28C00335DED /* Collors.swift in Sources */ = {isa = PBXBuildFile; fileRef = 60C8096128B4D28C00335DED /* Collors.swift */; };
		60C8096728B4E22400335DED /* DetailViewController.swift in Sources */ = {isa = PBXBuildFile; fileRef = 60C8096628B4E22400335DED /* DetailViewController.swift */; };
		60C8096928B4E23800335DED /* DetailPresenter.swift in Sources */ = {isa = PBXBuildFile; fileRef = 60C8096828B4E23800335DED /* DetailPresenter.swift */; };
		60C8096B28B4E2D700335DED /* ProductDetailModel.swift in Sources */ = {isa = PBXBuildFile; fileRef = 60C8096A28B4E2D700335DED /* ProductDetailModel.swift */; };
		60C8096D28B4EACB00335DED /* DetailBuilder.swift in Sources */ = {isa = PBXBuildFile; fileRef = 60C8096C28B4EACB00335DED /* DetailBuilder.swift */; };
		60C8097228B4F79E00335DED /* WheelDetailCollectionCell.swift in Sources */ = {isa = PBXBuildFile; fileRef = 60C8097128B4F79E00335DED /* WheelDetailCollectionCell.swift */; };
		899399ED17459BB45075C7E8 /* Pods_Ecommerce.framework in Frameworks */ = {isa = PBXBuildFile; fileRef = 782478D85DFDB8046029C0B0 /* Pods_Ecommerce.framework */; };
/* End PBXBuildFile section */

/* Begin PBXFileReference section */
		0C189EDBFFA3B3B21701A0CC /* Pods-Ecommerce.debug.xcconfig */ = {isa = PBXFileReference; includeInIndex = 1; lastKnownFileType = text.xcconfig; name = "Pods-Ecommerce.debug.xcconfig"; path = "Target Support Files/Pods-Ecommerce/Pods-Ecommerce.debug.xcconfig"; sourceTree = "<group>"; };
		2B70FE61D27419746B899DCF /* Pods-Ecommerce.release.xcconfig */ = {isa = PBXFileReference; includeInIndex = 1; lastKnownFileType = text.xcconfig; name = "Pods-Ecommerce.release.xcconfig"; path = "Target Support Files/Pods-Ecommerce/Pods-Ecommerce.release.xcconfig"; sourceTree = "<group>"; };
		603E3CCD28B36D790038C7F1 /* Ecommerce.app */ = {isa = PBXFileReference; explicitFileType = wrapper.application; includeInIndex = 0; path = Ecommerce.app; sourceTree = BUILT_PRODUCTS_DIR; };
		603E3CD028B36D790038C7F1 /* AppDelegate.swift */ = {isa = PBXFileReference; lastKnownFileType = sourcecode.swift; path = AppDelegate.swift; sourceTree = "<group>"; };
		603E3CD228B36D790038C7F1 /* SceneDelegate.swift */ = {isa = PBXFileReference; lastKnownFileType = sourcecode.swift; path = SceneDelegate.swift; sourceTree = "<group>"; };
		603E3CD428B36D790038C7F1 /* ViewController.swift */ = {isa = PBXFileReference; lastKnownFileType = sourcecode.swift; path = ViewController.swift; sourceTree = "<group>"; };
		603E3CD928B36D7A0038C7F1 /* Assets.xcassets */ = {isa = PBXFileReference; lastKnownFileType = folder.assetcatalog; path = Assets.xcassets; sourceTree = "<group>"; };
		603E3CDE28B36D7A0038C7F1 /* Info.plist */ = {isa = PBXFileReference; lastKnownFileType = text.plist.xml; path = Info.plist; sourceTree = "<group>"; };
		6082E36628B36E9E00DB04BF /* Network.swift */ = {isa = PBXFileReference; lastKnownFileType = sourcecode.swift; path = Network.swift; sourceTree = "<group>"; };
		6082E36828B36EC800DB04BF /* ProductModel.swift */ = {isa = PBXFileReference; lastKnownFileType = sourcecode.swift; path = ProductModel.swift; sourceTree = "<group>"; };
		6082E36A28B36F9C00DB04BF /* MainPresenter.swift */ = {isa = PBXFileReference; lastKnownFileType = sourcecode.swift; path = MainPresenter.swift; sourceTree = "<group>"; };
		6082E36E28B3703400DB04BF /* Builder.swift */ = {isa = PBXFileReference; lastKnownFileType = sourcecode.swift; path = Builder.swift; sourceTree = "<group>"; };
		6082E37128B3739700DB04BF /* Mark Pro.ttf */ = {isa = PBXFileReference; lastKnownFileType = file; path = "Mark Pro.ttf"; sourceTree = "<group>"; };
		6082E37328B373AA00DB04BF /* Mark Pro Medium.ttf */ = {isa = PBXFileReference; lastKnownFileType = file; path = "Mark Pro Medium.ttf"; sourceTree = "<group>"; };
		6082E37528B373B500DB04BF /* Mark Pro Bold.ttf */ = {isa = PBXFileReference; lastKnownFileType = file; path = "Mark Pro Bold.ttf"; sourceTree = "<group>"; };
		6082E37728B373BD00DB04BF /* Mark Pro Heavy.ttf */ = {isa = PBXFileReference; lastKnownFileType = file; path = "Mark Pro Heavy.ttf"; sourceTree = "<group>"; };
		6082E37A28B37D7300DB04BF /* CollectionCell.swift */ = {isa = PBXFileReference; lastKnownFileType = sourcecode.swift; path = CollectionCell.swift; sourceTree = "<group>"; };
		6082E37C28B3A22100DB04BF /* WheelCollectionCell.swift */ = {isa = PBXFileReference; lastKnownFileType = sourcecode.swift; path = WheelCollectionCell.swift; sourceTree = "<group>"; };
		6082E37F28B3C03800DB04BF /* BestSellerTableCell.swift */ = {isa = PBXFileReference; lastKnownFileType = sourcecode.swift; path = BestSellerTableCell.swift; sourceTree = "<group>"; };
		6082E38228B3C24C00DB04BF /* BestSellerCollectionCell.swift */ = {isa = PBXFileReference; lastKnownFileType = sourcecode.swift; path = BestSellerCollectionCell.swift; sourceTree = "<group>"; };
		60C8095C28B4CEDC00335DED /* TabBarViewController.swift */ = {isa = PBXFileReference; lastKnownFileType = sourcecode.swift; path = TabBarViewController.swift; sourceTree = "<group>"; };
		60C8095F28B4D0C900335DED /* CartViewController.swift */ = {isa = PBXFileReference; lastKnownFileType = sourcecode.swift; path = CartViewController.swift; sourceTree = "<group>"; };
		60C8096128B4D28C00335DED /* Collors.swift */ = {isa = PBXFileReference; lastKnownFileType = sourcecode.swift; path = Collors.swift; sourceTree = "<group>"; };
		60C8096628B4E22400335DED /* DetailViewController.swift */ = {isa = PBXFileReference; lastKnownFileType = sourcecode.swift; path = DetailViewController.swift; sourceTree = "<group>"; };
		60C8096828B4E23800335DED /* DetailPresenter.swift */ = {isa = PBXFileReference; lastKnownFileType = sourcecode.swift; path = DetailPresenter.swift; sourceTree = "<group>"; };
		60C8096A28B4E2D700335DED /* ProductDetailModel.swift */ = {isa = PBXFileReference; lastKnownFileType = sourcecode.swift; path = ProductDetailModel.swift; sourceTree = "<group>"; };
		60C8096C28B4EACB00335DED /* DetailBuilder.swift */ = {isa = PBXFileReference; lastKnownFileType = sourcecode.swift; path = DetailBuilder.swift; sourceTree = "<group>"; };
		60C8097128B4F79E00335DED /* WheelDetailCollectionCell.swift */ = {isa = PBXFileReference; lastKnownFileType = sourcecode.swift; path = WheelDetailCollectionCell.swift; sourceTree = "<group>"; };
		782478D85DFDB8046029C0B0 /* Pods_Ecommerce.framework */ = {isa = PBXFileReference; explicitFileType = wrapper.framework; includeInIndex = 0; path = Pods_Ecommerce.framework; sourceTree = BUILT_PRODUCTS_DIR; };
/* End PBXFileReference section */

/* Begin PBXFrameworksBuildPhase section */
		603E3CCA28B36D790038C7F1 /* Frameworks */ = {
			isa = PBXFrameworksBuildPhase;
			buildActionMask = 2147483647;
			files = (
				899399ED17459BB45075C7E8 /* Pods_Ecommerce.framework in Frameworks */,
			);
			runOnlyForDeploymentPostprocessing = 0;
		};
/* End PBXFrameworksBuildPhase section */

/* Begin PBXGroup section */
		603E3CC428B36D790038C7F1 = {
			isa = PBXGroup;
			children = (
				603E3CCF28B36D790038C7F1 /* Ecommerce */,
				603E3CCE28B36D790038C7F1 /* Products */,
				F0520BA19258F42D47D0F94D /* Pods */,
				A73ADB1AABEA1C88A6A292E5 /* Frameworks */,
			);
			sourceTree = "<group>";
		};
		603E3CCE28B36D790038C7F1 /* Products */ = {
			isa = PBXGroup;
			children = (
				603E3CCD28B36D790038C7F1 /* Ecommerce.app */,
			);
			name = Products;
			sourceTree = "<group>";
		};
		603E3CCF28B36D790038C7F1 /* Ecommerce */ = {
			isa = PBXGroup;
			children = (
				6082E37028B372BC00DB04BF /* Font */,
				6082E36528B36E9600DB04BF /* Extension */,
				6082E36228B36E6C00DB04BF /* Model */,
				6082E36428B36E7100DB04BF /* View */,
				6082E36328B36E6E00DB04BF /* Presenter */,
				603E3CD028B36D790038C7F1 /* AppDelegate.swift */,
				603E3CD228B36D790038C7F1 /* SceneDelegate.swift */,
				603E3CD928B36D7A0038C7F1 /* Assets.xcassets */,
				603E3CDE28B36D7A0038C7F1 /* Info.plist */,
			);
			path = Ecommerce;
			sourceTree = "<group>";
		};
		6082E36228B36E6C00DB04BF /* Model */ = {
			isa = PBXGroup;
			children = (
				6082E36828B36EC800DB04BF /* ProductModel.swift */,
				60C8096A28B4E2D700335DED /* ProductDetailModel.swift */,
			);
			path = Model;
			sourceTree = "<group>";
		};
		6082E36328B36E6E00DB04BF /* Presenter */ = {
			isa = PBXGroup;
			children = (
				6082E36A28B36F9C00DB04BF /* MainPresenter.swift */,
				60C8096828B4E23800335DED /* DetailPresenter.swift */,
			);
			path = Presenter;
			sourceTree = "<group>";
		};
		6082E36428B36E7100DB04BF /* View */ = {
			isa = PBXGroup;
			children = (
				60C8096328B4E1E600335DED /* DetailScreen */,
				60C8095E28B4D0A700335DED /* CartScreen */,
				60C8095928B4CE2B00335DED /* TabBarScreen */,
				6082E36C28B3702900DB04BF /* MainVC */,
			);
			path = View;
			sourceTree = "<group>";
		};
		6082E36528B36E9600DB04BF /* Extension */ = {
			isa = PBXGroup;
			children = (
				6082E36628B36E9E00DB04BF /* Network.swift */,
				60C8096128B4D28C00335DED /* Collors.swift */,
			);
			path = Extension;
			sourceTree = "<group>";
		};
		6082E36C28B3702900DB04BF /* MainVC */ = {
			isa = PBXGroup;
			children = (
				6082E37E28B3C02C00DB04BF /* TableCell */,
				6082E37928B37D6A00DB04BF /* CollectionCell */,
				603E3CD428B36D790038C7F1 /* ViewController.swift */,
				6082E36E28B3703400DB04BF /* Builder.swift */,
			);
			path = MainVC;
			sourceTree = "<group>";
		};
		6082E37028B372BC00DB04BF /* Font */ = {
			isa = PBXGroup;
			children = (
				6082E37728B373BD00DB04BF /* Mark Pro Heavy.ttf */,
				6082E37528B373B500DB04BF /* Mark Pro Bold.ttf */,
				6082E37128B3739700DB04BF /* Mark Pro.ttf */,
				6082E37328B373AA00DB04BF /* Mark Pro Medium.ttf */,
			);
			path = Font;
			sourceTree = "<group>";
		};
		6082E37928B37D6A00DB04BF /* CollectionCell */ = {
			isa = PBXGroup;
			children = (
				6082E37A28B37D7300DB04BF /* CollectionCell.swift */,
				6082E37C28B3A22100DB04BF /* WheelCollectionCell.swift */,
			);
			path = CollectionCell;
			sourceTree = "<group>";
		};
		6082E37E28B3C02C00DB04BF /* TableCell */ = {
			isa = PBXGroup;
			children = (
				6082E38128B3C24500DB04BF /* CustomCollecitonCell */,
				6082E37F28B3C03800DB04BF /* BestSellerTableCell.swift */,
			);
			path = TableCell;
			sourceTree = "<group>";
		};
		6082E38128B3C24500DB04BF /* CustomCollecitonCell */ = {
			isa = PBXGroup;
			children = (
				6082E38228B3C24C00DB04BF /* BestSellerCollectionCell.swift */,
			);
			path = CustomCollecitonCell;
			sourceTree = "<group>";
		};
		60C8095928B4CE2B00335DED /* TabBarScreen */ = {
			isa = PBXGroup;
			children = (
				60C8095C28B4CEDC00335DED /* TabBarViewController.swift */,
			);
			path = TabBarScreen;
			sourceTree = "<group>";
		};
		60C8095E28B4D0A700335DED /* CartScreen */ = {
			isa = PBXGroup;
			children = (
				60C8095F28B4D0C900335DED /* CartViewController.swift */,
			);
			path = CartScreen;
			sourceTree = "<group>";
		};
		60C8096328B4E1E600335DED /* DetailScreen */ = {
			isa = PBXGroup;
			children = (
				60C8097028B4F78F00335DED /* CustomDetailCollectionCell */,
				60C8096628B4E22400335DED /* DetailViewController.swift */,
				60C8096C28B4EACB00335DED /* DetailBuilder.swift */,
			);
			path = DetailScreen;
			sourceTree = "<group>";
		};
		60C8097028B4F78F00335DED /* CustomDetailCollectionCell */ = {
			isa = PBXGroup;
			children = (
				60C8097128B4F79E00335DED /* WheelDetailCollectionCell.swift */,
			);
			path = CustomDetailCollectionCell;
			sourceTree = "<group>";
		};
		A73ADB1AABEA1C88A6A292E5 /* Frameworks */ = {
			isa = PBXGroup;
			children = (
				782478D85DFDB8046029C0B0 /* Pods_Ecommerce.framework */,
			);
			name = Frameworks;
			sourceTree = "<group>";
		};
		F0520BA19258F42D47D0F94D /* Pods */ = {
			isa = PBXGroup;
			children = (
				0C189EDBFFA3B3B21701A0CC /* Pods-Ecommerce.debug.xcconfig */,
				2B70FE61D27419746B899DCF /* Pods-Ecommerce.release.xcconfig */,
			);
			path = Pods;
			sourceTree = "<group>";
		};
/* End PBXGroup section */

/* Begin PBXNativeTarget section */
		603E3CCC28B36D790038C7F1 /* Ecommerce */ = {
			isa = PBXNativeTarget;
			buildConfigurationList = 603E3CE128B36D7A0038C7F1 /* Build configuration list for PBXNativeTarget "Ecommerce" */;
			buildPhases = (
				91153BED8CB769E6168B9330 /* [CP] Check Pods Manifest.lock */,
				603E3CC928B36D790038C7F1 /* Sources */,
				603E3CCA28B36D790038C7F1 /* Frameworks */,
				603E3CCB28B36D790038C7F1 /* Resources */,
				C37043C32B34BEBE1D9626BC /* [CP] Embed Pods Frameworks */,
			);
			buildRules = (
			);
			dependencies = (
			);
			name = Ecommerce;
			productName = Ecommerce;
			productReference = 603E3CCD28B36D790038C7F1 /* Ecommerce.app */;
			productType = "com.apple.product-type.application";
		};
/* End PBXNativeTarget section */

/* Begin PBXProject section */
		603E3CC528B36D790038C7F1 /* Project object */ = {
			isa = PBXProject;
			attributes = {
				BuildIndependentTargetsInParallel = 1;
				LastSwiftUpdateCheck = 1320;
				LastUpgradeCheck = 1320;
				TargetAttributes = {
					603E3CCC28B36D790038C7F1 = {
						CreatedOnToolsVersion = 13.2.1;
					};
				};
			};
			buildConfigurationList = 603E3CC828B36D790038C7F1 /* Build configuration list for PBXProject "Ecommerce" */;
			compatibilityVersion = "Xcode 13.0";
			developmentRegion = en;
			hasScannedForEncodings = 0;
			knownRegions = (
				en,
				Base,
			);
			mainGroup = 603E3CC428B36D790038C7F1;
			productRefGroup = 603E3CCE28B36D790038C7F1 /* Products */;
			projectDirPath = "";
			projectRoot = "";
			targets = (
				603E3CCC28B36D790038C7F1 /* Ecommerce */,
			);
		};
/* End PBXProject section */

/* Begin PBXResourcesBuildPhase section */
		603E3CCB28B36D790038C7F1 /* Resources */ = {
			isa = PBXResourcesBuildPhase;
			buildActionMask = 2147483647;
			files = (
				6082E37228B3739700DB04BF /* Mark Pro.ttf in Resources */,
				6082E37828B373BD00DB04BF /* Mark Pro Heavy.ttf in Resources */,
				6082E37428B373AA00DB04BF /* Mark Pro Medium.ttf in Resources */,
				6082E37628B373B500DB04BF /* Mark Pro Bold.ttf in Resources */,
				603E3CDA28B36D7A0038C7F1 /* Assets.xcassets in Resources */,
			);
			runOnlyForDeploymentPostprocessing = 0;
		};
/* End PBXResourcesBuildPhase section */

/* Begin PBXShellScriptBuildPhase section */
		91153BED8CB769E6168B9330 /* [CP] Check Pods Manifest.lock */ = {
			isa = PBXShellScriptBuildPhase;
			buildActionMask = 2147483647;
			files = (
			);
			inputFileListPaths = (
			);
			inputPaths = (
				"${PODS_PODFILE_DIR_PATH}/Podfile.lock",
				"${PODS_ROOT}/Manifest.lock",
			);
			name = "[CP] Check Pods Manifest.lock";
			outputFileListPaths = (
			);
			outputPaths = (
				"$(DERIVED_FILE_DIR)/Pods-Ecommerce-checkManifestLockResult.txt",
			);
			runOnlyForDeploymentPostprocessing = 0;
			shellPath = /bin/sh;
			shellScript = "diff \"${PODS_PODFILE_DIR_PATH}/Podfile.lock\" \"${PODS_ROOT}/Manifest.lock\" > /dev/null\nif [ $? != 0 ] ; then\n    # print error to STDERR\n    echo \"error: The sandbox is not in sync with the Podfile.lock. Run 'pod install' or update your CocoaPods installation.\" >&2\n    exit 1\nfi\n# This output is used by Xcode 'outputs' to avoid re-running this script phase.\necho \"SUCCESS\" > \"${SCRIPT_OUTPUT_FILE_0}\"\n";
			showEnvVarsInLog = 0;
		};
		C37043C32B34BEBE1D9626BC /* [CP] Embed Pods Frameworks */ = {
			isa = PBXShellScriptBuildPhase;
			buildActionMask = 2147483647;
			files = (
			);
			inputFileListPaths = (
				"${PODS_ROOT}/Target Support Files/Pods-Ecommerce/Pods-Ecommerce-frameworks-${CONFIGURATION}-input-files.xcfilelist",
			);
			name = "[CP] Embed Pods Frameworks";
			outputFileListPaths = (
				"${PODS_ROOT}/Target Support Files/Pods-Ecommerce/Pods-Ecommerce-frameworks-${CONFIGURATION}-output-files.xcfilelist",
			);
			runOnlyForDeploymentPostprocessing = 0;
			shellPath = /bin/sh;
			shellScript = "\"${PODS_ROOT}/Target Support Files/Pods-Ecommerce/Pods-Ecommerce-frameworks.sh\"\n";
			showEnvVarsInLog = 0;
		};
/* End PBXShellScriptBuildPhase section */

/* Begin PBXSourcesBuildPhase section */
		603E3CC928B36D790038C7F1 /* Sources */ = {
			isa = PBXSourcesBuildPhase;
			buildActionMask = 2147483647;
			files = (
				603E3CD528B36D790038C7F1 /* ViewController.swift in Sources */,
				6082E38028B3C03800DB04BF /* BestSellerTableCell.swift in Sources */,
				6082E38328B3C24C00DB04BF /* BestSellerCollectionCell.swift in Sources */,
				6082E36B28B36F9C00DB04BF /* MainPresenter.swift in Sources */,
				6082E36F28B3703400DB04BF /* Builder.swift in Sources */,
				6082E37D28B3A22100DB04BF /* WheelCollectionCell.swift in Sources */,
				60C8096028B4D0C900335DED /* CartViewController.swift in Sources */,
				6082E37B28B37D7300DB04BF /* CollectionCell.swift in Sources */,
				603E3CD128B36D790038C7F1 /* AppDelegate.swift in Sources */,
				6082E36728B36E9E00DB04BF /* Network.swift in Sources */,
				603E3CD328B36D790038C7F1 /* SceneDelegate.swift in Sources */,
				60C8096928B4E23800335DED /* DetailPresenter.swift in Sources */,
				6082E36928B36EC800DB04BF /* ProductModel.swift in Sources */,
				60C8096B28B4E2D700335DED /* ProductDetailModel.swift in Sources */,
				60C8096D28B4EACB00335DED /* DetailBuilder.swift in Sources */,
				60C8097228B4F79E00335DED /* WheelDetailCollectionCell.swift in Sources */,
				60C8096728B4E22400335DED /* DetailViewController.swift in Sources */,
				60C8096228B4D28C00335DED /* Collors.swift in Sources */,
				60C8095D28B4CEDC00335DED /* TabBarViewController.swift in Sources */,
			);
			runOnlyForDeploymentPostprocessing = 0;
		};
/* End PBXSourcesBuildPhase section */

/* Begin XCBuildConfiguration section */
		603E3CDF28B36D7A0038C7F1 /* Debug */ = {
			isa = XCBuildConfiguration;
			buildSettings = {
				ALWAYS_SEARCH_USER_PATHS = NO;
				CLANG_ANALYZER_NONNULL = YES;
				CLANG_ANALYZER_NUMBER_OBJECT_CONVERSION = YES_AGGRESSIVE;
				CLANG_CXX_LANGUAGE_STANDARD = "gnu++17";
				CLANG_CXX_LIBRARY = "libc++";
				CLANG_ENABLE_MODULES = YES;
				CLANG_ENABLE_OBJC_ARC = YES;
				CLANG_ENABLE_OBJC_WEAK = YES;
				CLANG_WARN_BLOCK_CAPTURE_AUTORELEASING = YES;
				CLANG_WARN_BOOL_CONVERSION = YES;
				CLANG_WARN_COMMA = YES;
				CLANG_WARN_CONSTANT_CONVERSION = YES;
				CLANG_WARN_DEPRECATED_OBJC_IMPLEMENTATIONS = YES;
				CLANG_WARN_DIRECT_OBJC_ISA_USAGE = YES_ERROR;
				CLANG_WARN_DOCUMENTATION_COMMENTS = YES;
				CLANG_WARN_EMPTY_BODY = YES;
				CLANG_WARN_ENUM_CONVERSION = YES;
				CLANG_WARN_INFINITE_RECURSION = YES;
				CLANG_WARN_INT_CONVERSION = YES;
				CLANG_WARN_NON_LITERAL_NULL_CONVERSION = YES;
				CLANG_WARN_OBJC_IMPLICIT_RETAIN_SELF = YES;
				CLANG_WARN_OBJC_LITERAL_CONVERSION = YES;
				CLANG_WARN_OBJC_ROOT_CLASS = YES_ERROR;
				CLANG_WARN_QUOTED_INCLUDE_IN_FRAMEWORK_HEADER = YES;
				CLANG_WARN_RANGE_LOOP_ANALYSIS = YES;
				CLANG_WARN_STRICT_PROTOTYPES = YES;
				CLANG_WARN_SUSPICIOUS_MOVE = YES;
				CLANG_WARN_UNGUARDED_AVAILABILITY = YES_AGGRESSIVE;
				CLANG_WARN_UNREACHABLE_CODE = YES;
				CLANG_WARN__DUPLICATE_METHOD_MATCH = YES;
				COPY_PHASE_STRIP = NO;
				DEBUG_INFORMATION_FORMAT = dwarf;
				ENABLE_STRICT_OBJC_MSGSEND = YES;
				ENABLE_TESTABILITY = YES;
				GCC_C_LANGUAGE_STANDARD = gnu11;
				GCC_DYNAMIC_NO_PIC = NO;
				GCC_NO_COMMON_BLOCKS = YES;
				GCC_OPTIMIZATION_LEVEL = 0;
				GCC_PREPROCESSOR_DEFINITIONS = (
					"DEBUG=1",
					"$(inherited)",
				);
				GCC_WARN_64_TO_32_BIT_CONVERSION = YES;
				GCC_WARN_ABOUT_RETURN_TYPE = YES_ERROR;
				GCC_WARN_UNDECLARED_SELECTOR = YES;
				GCC_WARN_UNINITIALIZED_AUTOS = YES_AGGRESSIVE;
				GCC_WARN_UNUSED_FUNCTION = YES;
				GCC_WARN_UNUSED_VARIABLE = YES;
				IPHONEOS_DEPLOYMENT_TARGET = 15.2;
				MTL_ENABLE_DEBUG_INFO = INCLUDE_SOURCE;
				MTL_FAST_MATH = YES;
				ONLY_ACTIVE_ARCH = YES;
				SDKROOT = iphoneos;
				SWIFT_ACTIVE_COMPILATION_CONDITIONS = DEBUG;
				SWIFT_OPTIMIZATION_LEVEL = "-Onone";
			};
			name = Debug;
		};
		603E3CE028B36D7A0038C7F1 /* Release */ = {
			isa = XCBuildConfiguration;
			buildSettings = {
				ALWAYS_SEARCH_USER_PATHS = NO;
				CLANG_ANALYZER_NONNULL = YES;
				CLANG_ANALYZER_NUMBER_OBJECT_CONVERSION = YES_AGGRESSIVE;
				CLANG_CXX_LANGUAGE_STANDARD = "gnu++17";
				CLANG_CXX_LIBRARY = "libc++";
				CLANG_ENABLE_MODULES = YES;
				CLANG_ENABLE_OBJC_ARC = YES;
				CLANG_ENABLE_OBJC_WEAK = YES;
				CLANG_WARN_BLOCK_CAPTURE_AUTORELEASING = YES;
				CLANG_WARN_BOOL_CONVERSION = YES;
				CLANG_WARN_COMMA = YES;
				CLANG_WARN_CONSTANT_CONVERSION = YES;
				CLANG_WARN_DEPRECATED_OBJC_IMPLEMENTATIONS = YES;
				CLANG_WARN_DIRECT_OBJC_ISA_USAGE = YES_ERROR;
				CLANG_WARN_DOCUMENTATION_COMMENTS = YES;
				CLANG_WARN_EMPTY_BODY = YES;
				CLANG_WARN_ENUM_CONVERSION = YES;
				CLANG_WARN_INFINITE_RECURSION = YES;
				CLANG_WARN_INT_CONVERSION = YES;
				CLANG_WARN_NON_LITERAL_NULL_CONVERSION = YES;
				CLANG_WARN_OBJC_IMPLICIT_RETAIN_SELF = YES;
				CLANG_WARN_OBJC_LITERAL_CONVERSION = YES;
				CLANG_WARN_OBJC_ROOT_CLASS = YES_ERROR;
				CLANG_WARN_QUOTED_INCLUDE_IN_FRAMEWORK_HEADER = YES;
				CLANG_WARN_RANGE_LOOP_ANALYSIS = YES;
				CLANG_WARN_STRICT_PROTOTYPES = YES;
				CLANG_WARN_SUSPICIOUS_MOVE = YES;
				CLANG_WARN_UNGUARDED_AVAILABILITY = YES_AGGRESSIVE;
				CLANG_WARN_UNREACHABLE_CODE = YES;
				CLANG_WARN__DUPLICATE_METHOD_MATCH = YES;
				COPY_PHASE_STRIP = NO;
				DEBUG_INFORMATION_FORMAT = "dwarf-with-dsym";
				ENABLE_NS_ASSERTIONS = NO;
				ENABLE_STRICT_OBJC_MSGSEND = YES;
				GCC_C_LANGUAGE_STANDARD = gnu11;
				GCC_NO_COMMON_BLOCKS = YES;
				GCC_WARN_64_TO_32_BIT_CONVERSION = YES;
				GCC_WARN_ABOUT_RETURN_TYPE = YES_ERROR;
				GCC_WARN_UNDECLARED_SELECTOR = YES;
				GCC_WARN_UNINITIALIZED_AUTOS = YES_AGGRESSIVE;
				GCC_WARN_UNUSED_FUNCTION = YES;
				GCC_WARN_UNUSED_VARIABLE = YES;
				IPHONEOS_DEPLOYMENT_TARGET = 15.2;
				MTL_ENABLE_DEBUG_INFO = NO;
				MTL_FAST_MATH = YES;
				SDKROOT = iphoneos;
				SWIFT_COMPILATION_MODE = wholemodule;
				SWIFT_OPTIMIZATION_LEVEL = "-O";
				VALIDATE_PRODUCT = YES;
			};
			name = Release;
		};
		603E3CE228B36D7A0038C7F1 /* Debug */ = {
			isa = XCBuildConfiguration;
			baseConfigurationReference = 0C189EDBFFA3B3B21701A0CC /* Pods-Ecommerce.debug.xcconfig */;
			buildSettings = {
				ASSETCATALOG_COMPILER_APPICON_NAME = AppIcon;
				ASSETCATALOG_COMPILER_GLOBAL_ACCENT_COLOR_NAME = AccentColor;
				CODE_SIGN_STYLE = Automatic;
				CURRENT_PROJECT_VERSION = 1;
				DEVELOPMENT_TEAM = K8M5FXDJPU;
				GENERATE_INFOPLIST_FILE = YES;
				INFOPLIST_FILE = Ecommerce/Info.plist;
				INFOPLIST_KEY_UIApplicationSupportsIndirectInputEvents = YES;
				INFOPLIST_KEY_UILaunchStoryboardName = LaunchScreen;
				INFOPLIST_KEY_UISupportedInterfaceOrientations_iPad = "UIInterfaceOrientationPortrait UIInterfaceOrientationPortraitUpsideDown UIInterfaceOrientationLandscapeLeft UIInterfaceOrientationLandscapeRight";
				INFOPLIST_KEY_UISupportedInterfaceOrientations_iPhone = "UIInterfaceOrientationPortrait UIInterfaceOrientationLandscapeLeft UIInterfaceOrientationLandscapeRight";
				LD_RUNPATH_SEARCH_PATHS = (
					"$(inherited)",
					"@executable_path/Frameworks",
				);
				MARKETING_VERSION = 1.0;
				PRODUCT_BUNDLE_IDENTIFIER = com.shifu.Ecommerce;
				PRODUCT_NAME = "$(TARGET_NAME)";
				SWIFT_EMIT_LOC_STRINGS = YES;
				SWIFT_VERSION = 5.0;
				TARGETED_DEVICE_FAMILY = "1,2";
			};
			name = Debug;
		};
		603E3CE328B36D7A0038C7F1 /* Release */ = {
			isa = XCBuildConfiguration;
			baseConfigurationReference = 2B70FE61D27419746B899DCF /* Pods-Ecommerce.release.xcconfig */;
			buildSettings = {
				ASSETCATALOG_COMPILER_APPICON_NAME = AppIcon;
				ASSETCATALOG_COMPILER_GLOBAL_ACCENT_COLOR_NAME = AccentColor;
				CODE_SIGN_STYLE = Automatic;
				CURRENT_PROJECT_VERSION = 1;
				DEVELOPMENT_TEAM = K8M5FXDJPU;
				GENERATE_INFOPLIST_FILE = YES;
				INFOPLIST_FILE = Ecommerce/Info.plist;
				INFOPLIST_KEY_UIApplicationSupportsIndirectInputEvents = YES;
				INFOPLIST_KEY_UILaunchStoryboardName = LaunchScreen;
				INFOPLIST_KEY_UISupportedInterfaceOrientations_iPad = "UIInterfaceOrientationPortrait UIInterfaceOrientationPortraitUpsideDown UIInterfaceOrientationLandscapeLeft UIInterfaceOrientationLandscapeRight";
				INFOPLIST_KEY_UISupportedInterfaceOrientations_iPhone = "UIInterfaceOrientationPortrait UIInterfaceOrientationLandscapeLeft UIInterfaceOrientationLandscapeRight";
				LD_RUNPATH_SEARCH_PATHS = (
					"$(inherited)",
					"@executable_path/Frameworks",
				);
				MARKETING_VERSION = 1.0;
				PRODUCT_BUNDLE_IDENTIFIER = com.shifu.Ecommerce;
				PRODUCT_NAME = "$(TARGET_NAME)";
				SWIFT_EMIT_LOC_STRINGS = YES;
				SWIFT_VERSION = 5.0;
				TARGETED_DEVICE_FAMILY = "1,2";
			};
			name = Release;
		};
/* End XCBuildConfiguration section */

/* Begin XCConfigurationList section */
		603E3CC828B36D790038C7F1 /* Build configuration list for PBXProject "Ecommerce" */ = {
			isa = XCConfigurationList;
			buildConfigurations = (
				603E3CDF28B36D7A0038C7F1 /* Debug */,
				603E3CE028B36D7A0038C7F1 /* Release */,
			);
			defaultConfigurationIsVisible = 0;
			defaultConfigurationName = Release;
		};
		603E3CE128B36D7A0038C7F1 /* Build configuration list for PBXNativeTarget "Ecommerce" */ = {
			isa = XCConfigurationList;
			buildConfigurations = (
				603E3CE228B36D7A0038C7F1 /* Debug */,
				603E3CE328B36D7A0038C7F1 /* Release */,
			);
			defaultConfigurationIsVisible = 0;
			defaultConfigurationName = Release;
		};
/* End XCConfigurationList section */
	};
	rootObject = 603E3CC528B36D790038C7F1 /* Project object */;
}
